
Microsoft Visual Studio Solution File, Format Version 12.00
# Visual Studio 15
VisualStudioVersion = 15.0.28307.329
MinimumVisualStudioVersion = 10.0.40219.1
Project("{FAE04EC0-301F-11D3-BF4B-00C04F79EFBC}") = "117ExerciseClassMethod", "117ExerciseClassMethod\117ExerciseClassMethod.csproj", "{70B765E8-61C9-4ED1-8CB2-3F21365F9892}"
EndProject
Global
	GlobalSection(SolutionConfigurationPlatforms) = preSolution
		Debug|Any CPU = Debug|Any CPU
		Release|Any CPU = Release|Any CPU
	EndGlobalSection
	GlobalSection(ProjectConfigurationPlatforms) = postSolution
		{70B765E8-61C9-4ED1-8CB2-3F21365F9892}.Debug|Any CPU.ActiveCfg = Debug|Any CPU
		{70B765E8-61C9-4ED1-8CB2-3F21365F9892}.Debug|Any CPU.Build.0 = Debug|Any CPU
		{70B765E8-61C9-4ED1-8CB2-3F21365F9892}.Release|Any CPU.ActiveCfg = Release|Any CPU
		{70B765E8-61C9-4ED1-8CB2-3F21365F9892}.Release|Any CPU.Build.0 = Release|Any CPU
	EndGlobalSection
	GlobalSection(SolutionProperties) = preSolution
		HideSolutionNode = FALSE
	EndGlobalSection
	GlobalSection(ExtensibilityGlobals) = postSolution
		SolutionGuid = {5AFD15AE-BCDF-4D70-AD2E-417438257E5D}
	EndGlobalSection
EndGlobal
