
Microsoft Visual Studio Solution File, Format Version 12.00
# Visual Studio 15
VisualStudioVersion = 15.0.28307.329
MinimumVisualStudioVersion = 10.0.40219.1
Project("{FAE04EC0-301F-11D3-BF4B-00C04F79EFBC}") = "162ExerciseFeatures", "162ExerciseFeatures\162ExerciseFeatures.csproj", "{0093B904-BD65-4625-95F2-AC61C7E14B9F}"
EndProject
Global
	GlobalSection(SolutionConfigurationPlatforms) = preSolution
		Debug|Any CPU = Debug|Any CPU
		Release|Any CPU = Release|Any CPU
	EndGlobalSection
	GlobalSection(ProjectConfigurationPlatforms) = postSolution
		{0093B904-BD65-4625-95F2-AC61C7E14B9F}.Debug|Any CPU.ActiveCfg = Debug|Any CPU
		{0093B904-BD65-4625-95F2-AC61C7E14B9F}.Debug|Any CPU.Build.0 = Debug|Any CPU
		{0093B904-BD65-4625-95F2-AC61C7E14B9F}.Release|Any CPU.ActiveCfg = Release|Any CPU
		{0093B904-BD65-4625-95F2-AC61C7E14B9F}.Release|Any CPU.Build.0 = Release|Any CPU
	EndGlobalSection
	GlobalSection(SolutionProperties) = preSolution
		HideSolutionNode = FALSE
	EndGlobalSection
	GlobalSection(ExtensibilityGlobals) = postSolution
		SolutionGuid = {17D10AE3-C5A8-4046-AD35-C31B1CF83AC3}
	EndGlobalSection
EndGlobal
