
Microsoft Visual Studio Solution File, Format Version 12.00
# Visual Studio 15
VisualStudioVersion = 15.0.28307.329
MinimumVisualStudioVersion = 10.0.40219.1
Project("{FAE04EC0-301F-11D3-BF4B-00C04F79EFBC}") = "126ExerciseInterface", "126ExerciseInterface\126ExerciseInterface.csproj", "{259C026D-CF9A-4A26-8A43-4E319E47957D}"
EndProject
Global
	GlobalSection(SolutionConfigurationPlatforms) = preSolution
		Debug|Any CPU = Debug|Any CPU
		Release|Any CPU = Release|Any CPU
	EndGlobalSection
	GlobalSection(ProjectConfigurationPlatforms) = postSolution
		{259C026D-CF9A-4A26-8A43-4E319E47957D}.Debug|Any CPU.ActiveCfg = Debug|Any CPU
		{259C026D-CF9A-4A26-8A43-4E319E47957D}.Debug|Any CPU.Build.0 = Debug|Any CPU
		{259C026D-CF9A-4A26-8A43-4E319E47957D}.Release|Any CPU.ActiveCfg = Release|Any CPU
		{259C026D-CF9A-4A26-8A43-4E319E47957D}.Release|Any CPU.Build.0 = Release|Any CPU
	EndGlobalSection
	GlobalSection(SolutionProperties) = preSolution
		HideSolutionNode = FALSE
	EndGlobalSection
	GlobalSection(ExtensibilityGlobals) = postSolution
		SolutionGuid = {B9462943-3EC4-434D-9F16-35DB564A4599}
	EndGlobalSection
EndGlobal
