
Microsoft Visual Studio Solution File, Format Version 12.00
# Visual Studio 15
VisualStudioVersion = 15.0.28307.329
MinimumVisualStudioVersion = 10.0.40219.1
Project("{FAE04EC0-301F-11D3-BF4B-00C04F79EFBC}") = "TwentyOne", "TwentyOne\TwentyOne.csproj", "{68348ACB-51A6-4946-A187-06AD8D5D656B}"
EndProject
Project("{FAE04EC0-301F-11D3-BF4B-00C04F79EFBC}") = "Casino", "Casino\Casino.csproj", "{225A4F46-BD79-469E-8F4F-7EF7E3235016}"
EndProject
Global
	GlobalSection(SolutionConfigurationPlatforms) = preSolution
		Debug|Any CPU = Debug|Any CPU
		Release|Any CPU = Release|Any CPU
	EndGlobalSection
	GlobalSection(ProjectConfigurationPlatforms) = postSolution
		{68348ACB-51A6-4946-A187-06AD8D5D656B}.Debug|Any CPU.ActiveCfg = Debug|Any CPU
		{68348ACB-51A6-4946-A187-06AD8D5D656B}.Debug|Any CPU.Build.0 = Debug|Any CPU
		{68348ACB-51A6-4946-A187-06AD8D5D656B}.Release|Any CPU.ActiveCfg = Release|Any CPU
		{68348ACB-51A6-4946-A187-06AD8D5D656B}.Release|Any CPU.Build.0 = Release|Any CPU
		{225A4F46-BD79-469E-8F4F-7EF7E3235016}.Debug|Any CPU.ActiveCfg = Debug|Any CPU
		{225A4F46-BD79-469E-8F4F-7EF7E3235016}.Debug|Any CPU.Build.0 = Debug|Any CPU
		{225A4F46-BD79-469E-8F4F-7EF7E3235016}.Release|Any CPU.ActiveCfg = Release|Any CPU
		{225A4F46-BD79-469E-8F4F-7EF7E3235016}.Release|Any CPU.Build.0 = Release|Any CPU
	EndGlobalSection
	GlobalSection(SolutionProperties) = preSolution
		HideSolutionNode = FALSE
	EndGlobalSection
	GlobalSection(ExtensibilityGlobals) = postSolution
		SolutionGuid = {72252A38-300E-4E10-9C3F-1B90D3D3820A}
	EndGlobalSection
EndGlobal
