
Microsoft Visual Studio Solution File, Format Version 12.00
# Visual Studio 15
VisualStudioVersion = 15.0.28307.329
MinimumVisualStudioVersion = 10.0.40219.1
Project("{FAE04EC0-301F-11D3-BF4B-00C04F79EFBC}") = "ExerciseBranching92", "ExerciseBranching92\ExerciseBranching92.csproj", "{6AA085BF-4A87-4399-BF47-6CF91A056CA4}"
EndProject
Global
	GlobalSection(SolutionConfigurationPlatforms) = preSolution
		Debug|Any CPU = Debug|Any CPU
		Release|Any CPU = Release|Any CPU
	EndGlobalSection
	GlobalSection(ProjectConfigurationPlatforms) = postSolution
		{6AA085BF-4A87-4399-BF47-6CF91A056CA4}.Debug|Any CPU.ActiveCfg = Debug|Any CPU
		{6AA085BF-4A87-4399-BF47-6CF91A056CA4}.Debug|Any CPU.Build.0 = Debug|Any CPU
		{6AA085BF-4A87-4399-BF47-6CF91A056CA4}.Release|Any CPU.ActiveCfg = Release|Any CPU
		{6AA085BF-4A87-4399-BF47-6CF91A056CA4}.Release|Any CPU.Build.0 = Release|Any CPU
	EndGlobalSection
	GlobalSection(SolutionProperties) = preSolution
		HideSolutionNode = FALSE
	EndGlobalSection
	GlobalSection(ExtensibilityGlobals) = postSolution
		SolutionGuid = {780D101A-5B5D-4625-A66D-11375AAB55D1}
	EndGlobalSection
EndGlobal
