
Microsoft Visual Studio Solution File, Format Version 12.00
# Visual Studio 15
VisualStudioVersion = 15.0.28307.329
MinimumVisualStudioVersion = 10.0.40219.1
Project("{FAE04EC0-301F-11D3-BF4B-00C04F79EFBC}") = "104ExceptionHandling", "104ExceptionHandling\104ExceptionHandling.csproj", "{46ECEC72-505A-44A0-9D46-9D110BF4C6CC}"
EndProject
Global
	GlobalSection(SolutionConfigurationPlatforms) = preSolution
		Debug|Any CPU = Debug|Any CPU
		Release|Any CPU = Release|Any CPU
	EndGlobalSection
	GlobalSection(ProjectConfigurationPlatforms) = postSolution
		{46ECEC72-505A-44A0-9D46-9D110BF4C6CC}.Debug|Any CPU.ActiveCfg = Debug|Any CPU
		{46ECEC72-505A-44A0-9D46-9D110BF4C6CC}.Debug|Any CPU.Build.0 = Debug|Any CPU
		{46ECEC72-505A-44A0-9D46-9D110BF4C6CC}.Release|Any CPU.ActiveCfg = Release|Any CPU
		{46ECEC72-505A-44A0-9D46-9D110BF4C6CC}.Release|Any CPU.Build.0 = Release|Any CPU
	EndGlobalSection
	GlobalSection(SolutionProperties) = preSolution
		HideSolutionNode = FALSE
	EndGlobalSection
	GlobalSection(ExtensibilityGlobals) = postSolution
		SolutionGuid = {3A8540B4-494B-4F48-A8D4-82D9A0F73DFE}
	EndGlobalSection
EndGlobal
