
Microsoft Visual Studio Solution File, Format Version 12.00
# Visual Studio 15
VisualStudioVersion = 15.0.28307.329
MinimumVisualStudioVersion = 10.0.40219.1
Project("{FAE04EC0-301F-11D3-BF4B-00C04F79EFBC}") = "190WebApplication", "190WebApplication\190WebApplication.csproj", "{FDDDFA07-9959-46ED-82B0-7A27A222B38E}"
EndProject
Global
	GlobalSection(SolutionConfigurationPlatforms) = preSolution
		Debug|Any CPU = Debug|Any CPU
		Release|Any CPU = Release|Any CPU
	EndGlobalSection
	GlobalSection(ProjectConfigurationPlatforms) = postSolution
		{FDDDFA07-9959-46ED-82B0-7A27A222B38E}.Debug|Any CPU.ActiveCfg = Debug|Any CPU
		{FDDDFA07-9959-46ED-82B0-7A27A222B38E}.Debug|Any CPU.Build.0 = Debug|Any CPU
		{FDDDFA07-9959-46ED-82B0-7A27A222B38E}.Release|Any CPU.ActiveCfg = Release|Any CPU
		{FDDDFA07-9959-46ED-82B0-7A27A222B38E}.Release|Any CPU.Build.0 = Release|Any CPU
	EndGlobalSection
	GlobalSection(SolutionProperties) = preSolution
		HideSolutionNode = FALSE
	EndGlobalSection
	GlobalSection(ExtensibilityGlobals) = postSolution
		SolutionGuid = {B30B20A3-9C0A-4E3F-8E08-5C4E15898F3A}
	EndGlobalSection
EndGlobal
