
Microsoft Visual Studio Solution File, Format Version 12.00
# Visual Studio 15
VisualStudioVersion = 15.0.28307.329
MinimumVisualStudioVersion = 10.0.40219.1
Project("{FAE04EC0-301F-11D3-BF4B-00C04F79EFBC}") = "WelcomeScreen", "WelcomeScreen\WelcomeScreen.csproj", "{92557A69-DC62-4627-9C1E-E7366AAE1955}"
EndProject
Global
	GlobalSection(SolutionConfigurationPlatforms) = preSolution
		Debug|Any CPU = Debug|Any CPU
		Release|Any CPU = Release|Any CPU
	EndGlobalSection
	GlobalSection(ProjectConfigurationPlatforms) = postSolution
		{92557A69-DC62-4627-9C1E-E7366AAE1955}.Debug|Any CPU.ActiveCfg = Debug|Any CPU
		{92557A69-DC62-4627-9C1E-E7366AAE1955}.Debug|Any CPU.Build.0 = Debug|Any CPU
		{92557A69-DC62-4627-9C1E-E7366AAE1955}.Release|Any CPU.ActiveCfg = Release|Any CPU
		{92557A69-DC62-4627-9C1E-E7366AAE1955}.Release|Any CPU.Build.0 = Release|Any CPU
	EndGlobalSection
	GlobalSection(SolutionProperties) = preSolution
		HideSolutionNode = FALSE
	EndGlobalSection
	GlobalSection(ExtensibilityGlobals) = postSolution
		SolutionGuid = {38B70024-0206-4242-B93E-8AFD94711BC0}
	EndGlobalSection
EndGlobal
