
Microsoft Visual Studio Solution File, Format Version 12.00
# Visual Studio 15
VisualStudioVersion = 15.0.28307.329
MinimumVisualStudioVersion = 10.0.40219.1
Project("{FAE04EC0-301F-11D3-BF4B-00C04F79EFBC}") = "exercise66", "exercise66\exercise66.csproj", "{99AB1E34-C790-41B4-891D-669B315797A7}"
EndProject
Global
	GlobalSection(SolutionConfigurationPlatforms) = preSolution
		Debug|Any CPU = Debug|Any CPU
		Release|Any CPU = Release|Any CPU
	EndGlobalSection
	GlobalSection(ProjectConfigurationPlatforms) = postSolution
		{99AB1E34-C790-41B4-891D-669B315797A7}.Debug|Any CPU.ActiveCfg = Debug|Any CPU
		{99AB1E34-C790-41B4-891D-669B315797A7}.Debug|Any CPU.Build.0 = Debug|Any CPU
		{99AB1E34-C790-41B4-891D-669B315797A7}.Release|Any CPU.ActiveCfg = Release|Any CPU
		{99AB1E34-C790-41B4-891D-669B315797A7}.Release|Any CPU.Build.0 = Release|Any CPU
	EndGlobalSection
	GlobalSection(SolutionProperties) = preSolution
		HideSolutionNode = FALSE
	EndGlobalSection
	GlobalSection(ExtensibilityGlobals) = postSolution
		SolutionGuid = {44AD3151-0E4A-478A-8062-DB6F509D23BE}
	EndGlobalSection
EndGlobal
